
Microsoft Visual Studio Solution File, Format Version 12.00
# Visual Studio Version 16
VisualStudioVersion = 16.0.30907.101
MinimumVisualStudioVersion = 10.0.40219.1
Project("{FAE04EC0-301F-11D3-BF4B-00C04F79EFBC}") = "PArcial1-ap1-2017-0485", "PArcial1-ap1-2017-0485\PArcial1-ap1-2017-0485.csproj", "{DFAC2696-3B81-40EF-8209-781D856479BB}"
EndProject
Global
	GlobalSection(SolutionConfigurationPlatforms) = preSolution
		Debug|Any CPU = Debug|Any CPU
		Release|Any CPU = Release|Any CPU
	EndGlobalSection
	GlobalSection(ProjectConfigurationPlatforms) = postSolution
		{DFAC2696-3B81-40EF-8209-781D856479BB}.Debug|Any CPU.ActiveCfg = Debug|Any CPU
		{DFAC2696-3B81-40EF-8209-781D856479BB}.Debug|Any CPU.Build.0 = Debug|Any CPU
		{DFAC2696-3B81-40EF-8209-781D856479BB}.Release|Any CPU.ActiveCfg = Release|Any CPU
		{DFAC2696-3B81-40EF-8209-781D856479BB}.Release|Any CPU.Build.0 = Release|Any CPU
	EndGlobalSection
	GlobalSection(SolutionProperties) = preSolution
		HideSolutionNode = FALSE
	EndGlobalSection
	GlobalSection(ExtensibilityGlobals) = postSolution
		SolutionGuid = {25CEB97C-A446-44AE-83AE-B8390DCCDB37}
	EndGlobalSection
EndGlobal
